Microsoft Visual Studio Solution File, Format Version 12.00
# Visual Studio Version 17
VisualStudioVersion = 17.0.31729.503
MinimumVisualStudioVersion = 10.0.40219.1

Project("{FAE04EC0-301F-11D3-BF4B-00C04F79EFBC}") = "QRGeneratorDesktop", "QRGeneratorDesktop\QRGeneratorDesktop.csproj", "{AB8AF99C-8DED-4A08-8215-4D21FBFF154F}"
EndProject

Project("{FAE04EC0-301F-11D3-BF4B-00C04F79EFBC}") = "QRGeneratorAPI", "QRGeneratorAPI\QRGeneratorAPI.csproj", "{e65056b1-2847-4c08-bf0d-2bdfd2eab099}"
EndProject

Global
    GlobalSection(SolutionConfigurationPlatforms) = preSolution
        Debug|Any CPU = Debug|Any CPU
        Release|Any CPU = Release|Any CPU
    EndGlobalSection
    GlobalSection(ProjectConfigurationPlatforms) = postSolution
        {AB8AF99C-8DED-4A08-8215-4D21FBFF154F}.Debug|Any CPU.ActiveCfg = Debug|Any CPU
        {AB8AF99C-8DED-4A08-8215-4D21FBFF154F}.Debug|Any CPU.Build.0 = Debug|Any CPU
        {AB8AF99C-8DED-4A08-8215-4D21FBFF154F}.Release|Any CPU.ActiveCfg = Release|Any CPU
        {AB8AF99C-8DED-4A08-8215-4D21FBFF154F}.Release|Any CPU.Build.0 = Release|Any CPU
        {e65056b1-2847-4c08-bf0d-2bdfd2eab099}.Debug|Any CPU.ActiveCfg = Debug|Any CPU
        {e65056b1-2847-4c08-bf0d-2bdfd2eab099}.Debug|Any CPU.Build.0 = Debug|Any CPU
        {e65056b1-2847-4c08-bf0d-2bdfd2eab099}.Release|Any CPU.ActiveCfg = Release|Any CPU
        {e65056b1-2847-4c08-bf0d-2bdfd2eab099}.Release|Any CPU.Build.0 = Release|Any CPU
    EndGlobalSection
    GlobalSection(SolutionProperties) = preSolution
        HideSolutionNode = FALSE
    EndGlobalSection
EndGlobal


